// !$*UTF8*$!
{
	archiveVersion = 1;
	classes = {
	};
	objectVersion = 55;
	objects = {

/* Begin PBXBuildFile section */
		846A1221277C68BF00F1BC9E /* main.cpp in Sources */ = {isa = PBXBuildFile; fileRef = 846A121C277C686A00F1BC9E /* main.cpp */; };
/* End PBXBuildFile section */

/* Begin PBXCopyFilesBuildPhase section */
		8410F319277C5D62006F847C /* CopyFiles */ = {
			isa = PBXCopyFilesBuildPhase;
			buildActionMask = 2147483647;
			dstPath = /usr/share/man/man1/;
			dstSubfolderSpec = 0;
			files = (
			);
			runOnlyForDeploymentPostprocessing = 1;
		};
		8444412A277C4E9200F66268 /* CopyFiles */ = {
			isa = PBXCopyFilesBuildPhase;
			buildActionMask = 2147483647;
			dstPath = /usr/share/man/man1/;
			dstSubfolderSpec = 0;
			files = (
			);
			runOnlyForDeploymentPostprocessing = 1;
		};
		846A1208277C670F00F1BC9E /* CopyFiles */ = {
			isa = PBXCopyFilesBuildPhase;
			buildActionMask = 2147483647;
			dstPath = /usr/share/man/man1/;
			dstSubfolderSpec = 0;
			files = (
			);
			runOnlyForDeploymentPostprocessing = 1;
		};
		846A1218277C686A00F1BC9E /* CopyFiles */ = {
			isa = PBXCopyFilesBuildPhase;
			buildActionMask = 2147483647;
			dstPath = /usr/share/man/man1/;
			dstSubfolderSpec = 0;
			files = (
			);
			runOnlyForDeploymentPostprocessing = 1;
		};
/* End PBXCopyFilesBuildPhase section */

/* Begin PBXFileReference section */
		8410F31B277C5D62006F847C /* add-two-numbera */ = {isa = PBXFileReference; explicitFileType = "compiled.mach-o.executable"; includeInIndex = 0; path = "add-two-numbera"; sourceTree = BUILT_PRODUCTS_DIR; };
		8410F31D277C5D62006F847C /* main.cpp */ = {isa = PBXFileReference; lastKnownFileType = sourcecode.cpp.cpp; path = main.cpp; sourceTree = "<group>"; };
		8444412C277C4E9200F66268 /* c++ */ = {isa = PBXFileReference; explicitFileType = "compiled.mach-o.executable"; includeInIndex = 0; path = "c++"; sourceTree = BUILT_PRODUCTS_DIR; };
		846A120A277C670F00F1BC9E /* letter-combinations-of-a-phone-number */ = {isa = PBXFileReference; explicitFileType = "compiled.mach-o.executable"; includeInIndex = 0; path = "letter-combinations-of-a-phone-number"; sourceTree = BUILT_PRODUCTS_DIR; };
		846A120C277C670F00F1BC9E /* main.cpp */ = {isa = PBXFileReference; lastKnownFileType = sourcecode.cpp.cpp; path = main.cpp; sourceTree = "<group>"; };
		846A121A277C686A00F1BC9E /* longest-substring-without-repeating-words */ = {isa = PBXFileReference; explicitFileType = "compiled.mach-o.executable"; includeInIndex = 0; path = "longest-substring-without-repeating-words"; sourceTree = BUILT_PRODUCTS_DIR; };
		846A121C277C686A00F1BC9E /* main.cpp */ = {isa = PBXFileReference; lastKnownFileType = sourcecode.cpp.cpp; path = main.cpp; sourceTree = "<group>"; };
/* End PBXFileReference section */

/* Begin PBXFrameworksBuildPhase section */
		8410F318277C5D62006F847C /* Frameworks */ = {
			isa = PBXFrameworksBuildPhase;
			buildActionMask = 2147483647;
			files = (
			);
			runOnlyForDeploymentPostprocessing = 0;
		};
		84444129277C4E9200F66268 /* Frameworks */ = {
			isa = PBXFrameworksBuildPhase;
			buildActionMask = 2147483647;
			files = (
			);
			runOnlyForDeploymentPostprocessing = 0;
		};
		846A1207277C670F00F1BC9E /* Frameworks */ = {
			isa = PBXFrameworksBuildPhase;
			buildActionMask = 2147483647;
			files = (
			);
			runOnlyForDeploymentPostprocessing = 0;
		};
		846A1217277C686A00F1BC9E /* Frameworks */ = {
			isa = PBXFrameworksBuildPhase;
			buildActionMask = 2147483647;
			files = (
			);
			runOnlyForDeploymentPostprocessing = 0;
		};
/* End PBXFrameworksBuildPhase section */

/* Begin PBXGroup section */
		8410F31C277C5D62006F847C /* add-two-numbera */ = {
			isa = PBXGroup;
			children = (
				8410F31D277C5D62006F847C /* main.cpp */,
			);
			path = "add-two-numbera";
			sourceTree = "<group>";
		};
		84444123277C4E9200F66268 = {
			isa = PBXGroup;
			children = (
				8410F31C277C5D62006F847C /* add-two-numbera */,
				846A120B277C670F00F1BC9E /* letter-combinations-of-a-phone-number */,
				846A121B277C686A00F1BC9E /* longest-substring-without-repeating-words */,
				8444412D277C4E9200F66268 /* Products */,
			);
			sourceTree = "<group>";
		};
		8444412D277C4E9200F66268 /* Products */ = {
			isa = PBXGroup;
			children = (
				8444412C277C4E9200F66268 /* c++ */,
				8410F31B277C5D62006F847C /* add-two-numbera */,
				846A120A277C670F00F1BC9E /* letter-combinations-of-a-phone-number */,
				846A121A277C686A00F1BC9E /* longest-substring-without-repeating-words */,
			);
			name = Products;
			sourceTree = "<group>";
		};
		846A120B277C670F00F1BC9E /* letter-combinations-of-a-phone-number */ = {
			isa = PBXGroup;
			children = (
				846A120C277C670F00F1BC9E /* main.cpp */,
			);
			path = "letter-combinations-of-a-phone-number";
			sourceTree = "<group>";
		};
		846A121B277C686A00F1BC9E /* longest-substring-without-repeating-words */ = {
			isa = PBXGroup;
			children = (
				846A121C277C686A00F1BC9E /* main.cpp */,
			);
			path = "longest-substring-without-repeating-words";
			sourceTree = "<group>";
		};
/* End PBXGroup section */

/* Begin PBXNativeTarget section */
		8410F31A277C5D62006F847C /* add-two-numbera */ = {
			isa = PBXNativeTarget;
			buildConfigurationList = 8410F31F277C5D62006F847C /* Build configuration list for PBXNativeTarget "add-two-numbera" */;
			buildPhases = (
				8410F317277C5D62006F847C /* Sources */,
				8410F318277C5D62006F847C /* Frameworks */,
				8410F319277C5D62006F847C /* CopyFiles */,
			);
			buildRules = (
			);
			dependencies = (
			);
			name = "add-two-numbera";
			productName = "add-two-numbera";
			productReference = 8410F31B277C5D62006F847C /* add-two-numbera */;
			productType = "com.apple.product-type.tool";
		};
		8444412B277C4E9200F66268 /* c++ */ = {
			isa = PBXNativeTarget;
			buildConfigurationList = 84444133277C4E9200F66268 /* Build configuration list for PBXNativeTarget "c++" */;
			buildPhases = (
				84444128277C4E9200F66268 /* Sources */,
				84444129277C4E9200F66268 /* Frameworks */,
				8444412A277C4E9200F66268 /* CopyFiles */,
			);
			buildRules = (
			);
			dependencies = (
			);
			name = "c++";
			productName = Leetcode;
			productReference = 8444412C277C4E9200F66268 /* c++ */;
			productType = "com.apple.product-type.tool";
		};
		846A1209277C670F00F1BC9E /* letter-combinations-of-a-phone-number */ = {
			isa = PBXNativeTarget;
			buildConfigurationList = 846A120E277C670F00F1BC9E /* Build configuration list for PBXNativeTarget "letter-combinations-of-a-phone-number" */;
			buildPhases = (
				846A1206277C670F00F1BC9E /* Sources */,
				846A1207277C670F00F1BC9E /* Frameworks */,
				846A1208277C670F00F1BC9E /* CopyFiles */,
			);
			buildRules = (
			);
			dependencies = (
			);
			name = "letter-combinations-of-a-phone-number";
			productName = "letter-combinations-of-a-phone-number";
			productReference = 846A120A277C670F00F1BC9E /* letter-combinations-of-a-phone-number */;
			productType = "com.apple.product-type.tool";
		};
		846A1219277C686A00F1BC9E /* longest-substring-without-repeating-words */ = {
			isa = PBXNativeTarget;
			buildConfigurationList = 846A121E277C686A00F1BC9E /* Build configuration list for PBXNativeTarget "longest-substring-without-repeating-words" */;
			buildPhases = (
				846A1216277C686A00F1BC9E /* Sources */,
				846A1217277C686A00F1BC9E /* Frameworks */,
				846A1218277C686A00F1BC9E /* CopyFiles */,
			);
			buildRules = (
			);
			dependencies = (
			);
			name = "longest-substring-without-repeating-words";
			productName = "longest-substring-without-repeating-words";
			productReference = 846A121A277C686A00F1BC9E /* longest-substring-without-repeating-words */;
			productType = "com.apple.product-type.tool";
		};
/* End PBXNativeTarget section */

/* Begin PBXProject section */
		84444124277C4E9200F66268 /* Project object */ = {
			isa = PBXProject;
			attributes = {
				BuildIndependentTargetsInParallel = 1;
				LastUpgradeCheck = 1310;
				TargetAttributes = {
					8410F31A277C5D62006F847C = {
						CreatedOnToolsVersion = 13.1;
					};
					8444412B277C4E9200F66268 = {
						CreatedOnToolsVersion = 13.1;
					};
					846A1209277C670F00F1BC9E = {
						CreatedOnToolsVersion = 13.1;
					};
					846A1219277C686A00F1BC9E = {
						CreatedOnToolsVersion = 13.1;
					};
				};
			};
			buildConfigurationList = 84444127277C4E9200F66268 /* Build configuration list for PBXProject "c++" */;
			compatibilityVersion = "Xcode 13.0";
			developmentRegion = en;
			hasScannedForEncodings = 0;
			knownRegions = (
				en,
				Base,
			);
			mainGroup = 84444123277C4E9200F66268;
			productRefGroup = 8444412D277C4E9200F66268 /* Products */;
			projectDirPath = "";
			projectRoot = "";
			targets = (
				8444412B277C4E9200F66268 /* c++ */,
				8410F31A277C5D62006F847C /* add-two-numbera */,
				846A1209277C670F00F1BC9E /* letter-combinations-of-a-phone-number */,
				846A1219277C686A00F1BC9E /* longest-substring-without-repeating-words */,
			);
		};
/* End PBXProject section */

/* Begin PBXSourcesBuildPhase section */
		8410F317277C5D62006F847C /* Sources */ = {
			isa = PBXSourcesBuildPhase;
			buildActionMask = 2147483647;
			files = (
			);
			runOnlyForDeploymentPostprocessing = 0;
		};
		84444128277C4E9200F66268 /* Sources */ = {
			isa = PBXSourcesBuildPhase;
			buildActionMask = 2147483647;
			files = (
				846A1221277C68BF00F1BC9E /* main.cpp in Sources */,
			);
			runOnlyForDeploymentPostprocessing = 0;
		};
		846A1206277C670F00F1BC9E /* Sources */ = {
			isa = PBXSourcesBuildPhase;
			buildActionMask = 2147483647;
			files = (
			);
			runOnlyForDeploymentPostprocessing = 0;
		};
		846A1216277C686A00F1BC9E /* Sources */ = {
			isa = PBXSourcesBuildPhase;
			buildActionMask = 2147483647;
			files = (
			);
			runOnlyForDeploymentPostprocessing = 0;
		};
/* End PBXSourcesBuildPhase section */

/* Begin XCBuildConfiguration section */
		8410F320277C5D62006F847C /* Debug */ = {
			isa = XCBuildConfiguration;
			buildSettings = {
				CODE_SIGN_STYLE = Automatic;
				PRODUCT_NAME = "$(TARGET_NAME)";
			};
			name = Debug;
		};
		8410F321277C5D62006F847C /* Release */ = {
			isa = XCBuildConfiguration;
			buildSettings = {
				CODE_SIGN_STYLE = Automatic;
				PRODUCT_NAME = "$(TARGET_NAME)";
			};
			name = Release;
		};
		84444131277C4E9200F66268 /* Debug */ = {
			isa = XCBuildConfiguration;
			buildSettings = {
				ALWAYS_SEARCH_USER_PATHS = NO;
				CLANG_ANALYZER_NONNULL = YES;
				CLANG_ANALYZER_NUMBER_OBJECT_CONVERSION = YES_AGGRESSIVE;
				CLANG_CXX_LANGUAGE_STANDARD = "gnu++17";
				CLANG_CXX_LIBRARY = "libc++";
				CLANG_ENABLE_MODULES = YES;
				CLANG_ENABLE_OBJC_ARC = YES;
				CLANG_ENABLE_OBJC_WEAK = YES;
				CLANG_WARN_BLOCK_CAPTURE_AUTORELEASING = YES;
				CLANG_WARN_BOOL_CONVERSION = YES;
				CLANG_WARN_COMMA = YES;
				CLANG_WARN_CONSTANT_CONVERSION = YES;
				CLANG_WARN_DEPRECATED_OBJC_IMPLEMENTATIONS = YES;
				CLANG_WARN_DIRECT_OBJC_ISA_USAGE = YES_ERROR;
				CLANG_WARN_DOCUMENTATION_COMMENTS = YES;
				CLANG_WARN_EMPTY_BODY = YES;
				CLANG_WARN_ENUM_CONVERSION = YES;
				CLANG_WARN_INFINITE_RECURSION = YES;
				CLANG_WARN_INT_CONVERSION = YES;
				CLANG_WARN_NON_LITERAL_NULL_CONVERSION = YES;
				CLANG_WARN_OBJC_IMPLICIT_RETAIN_SELF = YES;
				CLANG_WARN_OBJC_LITERAL_CONVERSION = YES;
				CLANG_WARN_OBJC_ROOT_CLASS = YES_ERROR;
				CLANG_WARN_QUOTED_INCLUDE_IN_FRAMEWORK_HEADER = YES;
				CLANG_WARN_RANGE_LOOP_ANALYSIS = YES;
				CLANG_WARN_STRICT_PROTOTYPES = YES;
				CLANG_WARN_SUSPICIOUS_MOVE = YES;
				CLANG_WARN_UNGUARDED_AVAILABILITY = YES_AGGRESSIVE;
				CLANG_WARN_UNREACHABLE_CODE = YES;
				CLANG_WARN__DUPLICATE_METHOD_MATCH = YES;
				COPY_PHASE_STRIP = NO;
				DEBUG_INFORMATION_FORMAT = dwarf;
				ENABLE_STRICT_OBJC_MSGSEND = YES;
				ENABLE_TESTABILITY = YES;
				GCC_C_LANGUAGE_STANDARD = gnu11;
				GCC_DYNAMIC_NO_PIC = NO;
				GCC_NO_COMMON_BLOCKS = YES;
				GCC_OPTIMIZATION_LEVEL = 0;
				GCC_PREPROCESSOR_DEFINITIONS = (
					"DEBUG=1",
					"$(inherited)",
				);
				GCC_WARN_64_TO_32_BIT_CONVERSION = YES;
				GCC_WARN_ABOUT_RETURN_TYPE = YES_ERROR;
				GCC_WARN_UNDECLARED_SELECTOR = YES;
				GCC_WARN_UNINITIALIZED_AUTOS = YES_AGGRESSIVE;
				GCC_WARN_UNUSED_FUNCTION = YES;
				GCC_WARN_UNUSED_VARIABLE = YES;
				MACOSX_DEPLOYMENT_TARGET = 11.6;
				MTL_ENABLE_DEBUG_INFO = INCLUDE_SOURCE;
				MTL_FAST_MATH = YES;
				ONLY_ACTIVE_ARCH = YES;
				SDKROOT = macosx;
			};
			name = Debug;
		};
		84444132277C4E9200F66268 /* Release */ = {
			isa = XCBuildConfiguration;
			buildSettings = {
				ALWAYS_SEARCH_USER_PATHS = NO;
				CLANG_ANALYZER_NONNULL = YES;
				CLANG_ANALYZER_NUMBER_OBJECT_CONVERSION = YES_AGGRESSIVE;
				CLANG_CXX_LANGUAGE_STANDARD = "gnu++17";
				CLANG_CXX_LIBRARY = "libc++";
				CLANG_ENABLE_MODULES = YES;
				CLANG_ENABLE_OBJC_ARC = YES;
				CLANG_ENABLE_OBJC_WEAK = YES;
				CLANG_WARN_BLOCK_CAPTURE_AUTORELEASING = YES;
				CLANG_WARN_BOOL_CONVERSION = YES;
				CLANG_WARN_COMMA = YES;
				CLANG_WARN_CONSTANT_CONVERSION = YES;
				CLANG_WARN_DEPRECATED_OBJC_IMPLEMENTATIONS = YES;
				CLANG_WARN_DIRECT_OBJC_ISA_USAGE = YES_ERROR;
				CLANG_WARN_DOCUMENTATION_COMMENTS = YES;
				CLANG_WARN_EMPTY_BODY = YES;
				CLANG_WARN_ENUM_CONVERSION = YES;
				CLANG_WARN_INFINITE_RECURSION = YES;
				CLANG_WARN_INT_CONVERSION = YES;
				CLANG_WARN_NON_LITERAL_NULL_CONVERSION = YES;
				CLANG_WARN_OBJC_IMPLICIT_RETAIN_SELF = YES;
				CLANG_WARN_OBJC_LITERAL_CONVERSION = YES;
				CLANG_WARN_OBJC_ROOT_CLASS = YES_ERROR;
				CLANG_WARN_QUOTED_INCLUDE_IN_FRAMEWORK_HEADER = YES;
				CLANG_WARN_RANGE_LOOP_ANALYSIS = YES;
				CLANG_WARN_STRICT_PROTOTYPES = YES;
				CLANG_WARN_SUSPICIOUS_MOVE = YES;
				CLANG_WARN_UNGUARDED_AVAILABILITY = YES_AGGRESSIVE;
				CLANG_WARN_UNREACHABLE_CODE = YES;
				CLANG_WARN__DUPLICATE_METHOD_MATCH = YES;
				COPY_PHASE_STRIP = NO;
				DEBUG_INFORMATION_FORMAT = "dwarf-with-dsym";
				ENABLE_NS_ASSERTIONS = NO;
				ENABLE_STRICT_OBJC_MSGSEND = YES;
				GCC_C_LANGUAGE_STANDARD = gnu11;
				GCC_NO_COMMON_BLOCKS = YES;
				GCC_WARN_64_TO_32_BIT_CONVERSION = YES;
				GCC_WARN_ABOUT_RETURN_TYPE = YES_ERROR;
				GCC_WARN_UNDECLARED_SELECTOR = YES;
				GCC_WARN_UNINITIALIZED_AUTOS = YES_AGGRESSIVE;
				GCC_WARN_UNUSED_FUNCTION = YES;
				GCC_WARN_UNUSED_VARIABLE = YES;
				MACOSX_DEPLOYMENT_TARGET = 11.6;
				MTL_ENABLE_DEBUG_INFO = NO;
				MTL_FAST_MATH = YES;
				SDKROOT = macosx;
			};
			name = Release;
		};
		84444134277C4E9200F66268 /* Debug */ = {
			isa = XCBuildConfiguration;
			buildSettings = {
				CODE_SIGN_STYLE = Automatic;
				PRODUCT_NAME = "$(TARGET_NAME)";
			};
			name = Debug;
		};
		84444135277C4E9200F66268 /* Release */ = {
			isa = XCBuildConfiguration;
			buildSettings = {
				CODE_SIGN_STYLE = Automatic;
				PRODUCT_NAME = "$(TARGET_NAME)";
			};
			name = Release;
		};
		846A120F277C670F00F1BC9E /* Debug */ = {
			isa = XCBuildConfiguration;
			buildSettings = {
				CODE_SIGN_STYLE = Automatic;
				PRODUCT_NAME = "$(TARGET_NAME)";
			};
			name = Debug;
		};
		846A1210277C670F00F1BC9E /* Release */ = {
			isa = XCBuildConfiguration;
			buildSettings = {
				CODE_SIGN_STYLE = Automatic;
				PRODUCT_NAME = "$(TARGET_NAME)";
			};
			name = Release;
		};
		846A121F277C686A00F1BC9E /* Debug */ = {
			isa = XCBuildConfiguration;
			buildSettings = {
				CODE_SIGN_STYLE = Automatic;
				PRODUCT_NAME = "$(TARGET_NAME)";
			};
			name = Debug;
		};
		846A1220277C686A00F1BC9E /* Release */ = {
			isa = XCBuildConfiguration;
			buildSettings = {
				CODE_SIGN_STYLE = Automatic;
				PRODUCT_NAME = "$(TARGET_NAME)";
			};
			name = Release;
		};
/* End XCBuildConfiguration section */

/* Begin XCConfigurationList section */
		8410F31F277C5D62006F847C /* Build configuration list for PBXNativeTarget "add-two-numbera" */ = {
			isa = XCConfigurationList;
			buildConfigurations = (
				8410F320277C5D62006F847C /* Debug */,
				8410F321277C5D62006F847C /* Release */,
			);
			defaultConfigurationIsVisible = 0;
			defaultConfigurationName = Release;
		};
		84444127277C4E9200F66268 /* Build configuration list for PBXProject "c++" */ = {
			isa = XCConfigurationList;
			buildConfigurations = (
				84444131277C4E9200F66268 /* Debug */,
				84444132277C4E9200F66268 /* Release */,
			);
			defaultConfigurationIsVisible = 0;
			defaultConfigurationName = Release;
		};
		84444133277C4E9200F66268 /* Build configuration list for PBXNativeTarget "c++" */ = {
			isa = XCConfigurationList;
			buildConfigurations = (
				84444134277C4E9200F66268 /* Debug */,
				84444135277C4E9200F66268 /* Release */,
			);
			defaultConfigurationIsVisible = 0;
			defaultConfigurationName = Release;
		};
		846A120E277C670F00F1BC9E /* Build configuration list for PBXNativeTarget "letter-combinations-of-a-phone-number" */ = {
			isa = XCConfigurationList;
			buildConfigurations = (
				846A120F277C670F00F1BC9E /* Debug */,
				846A1210277C670F00F1BC9E /* Release */,
			);
			defaultConfigurationIsVisible = 0;
			defaultConfigurationName = Release;
		};
		846A121E277C686A00F1BC9E /* Build configuration list for PBXNativeTarget "longest-substring-without-repeating-words" */ = {
			isa = XCConfigurationList;
			buildConfigurations = (
				846A121F277C686A00F1BC9E /* Debug */,
				846A1220277C686A00F1BC9E /* Release */,
			);
			defaultConfigurationIsVisible = 0;
			defaultConfigurationName = Release;
		};
/* End XCConfigurationList section */
	};
	rootObject = 84444124277C4E9200F66268 /* Project object */;
}
